
Microsoft Visual Studio Solution File, Format Version 12.00
# Visual Studio Version 16
VisualStudioVersion = 16.0.29905.134
MinimumVisualStudioVersion = 10.0.40219.1
Project("{FAE04EC0-301F-11D3-BF4B-00C04F79EFBC}") = "Interview", "Interview.csproj", "{10C92FDB-B391-4D3B-8054-5FB6F0B69ADC}"
EndProject
Global
	GlobalSection(SolutionConfigurationPlatforms) = preSolution
		Debug|Any CPU = Debug|Any CPU
		Release|Any CPU = Release|Any CPU
	EndGlobalSection
	GlobalSection(ProjectConfigurationPlatforms) = postSolution
		{10C92FDB-B391-4D3B-8054-5FB6F0B69ADC}.Debug|Any CPU.ActiveCfg = Debug|Any CPU
		{10C92FDB-B391-4D3B-8054-5FB6F0B69ADC}.Debug|Any CPU.Build.0 = Debug|Any CPU
		{10C92FDB-B391-4D3B-8054-5FB6F0B69ADC}.Release|Any CPU.ActiveCfg = Release|Any CPU
		{10C92FDB-B391-4D3B-8054-5FB6F0B69ADC}.Release|Any CPU.Build.0 = Release|Any CPU
	EndGlobalSection
	GlobalSection(SolutionProperties) = preSolution
		HideSolutionNode = FALSE
	EndGlobalSection
	GlobalSection(ExtensibilityGlobals) = postSolution
		SolutionGuid = {BBE8817C-5782-485A-B8A0-FCCEEF5FE023}
	EndGlobalSection
EndGlobal
